// !$*UTF8*$!
{
	archiveVersion = 1;
	classes = {
	};
	objectVersion = 50;
	objects = {

/* Begin PBXBuildFile section */
		3CDE556887207AB869D3351F /* libPods-RCIOS-SDK.a in Frameworks */ = {isa = PBXBuildFile; fileRef = 8F43CAF8F14C7CD21A72D737 /* libPods-RCIOS-SDK.a */; };
		8A254DF7212D14D6005D4C9B /* AppDelegate.m in Sources */ = {isa = PBXBuildFile; fileRef = 8A254DF6212D14D6005D4C9B /* AppDelegate.m */; };
		8A254DFA212D14D6005D4C9B /* ViewController.m in Sources */ = {isa = PBXBuildFile; fileRef = 8A254DF9212D14D6005D4C9B /* ViewController.m */; };
		8A254DFD212D14D6005D4C9B /* Main.storyboard in Resources */ = {isa = PBXBuildFile; fileRef = 8A254DFB212D14D6005D4C9B /* Main.storyboard */; };
		8A254DFF212D14D7005D4C9B /* Assets.xcassets in Resources */ = {isa = PBXBuildFile; fileRef = 8A254DFE212D14D7005D4C9B /* Assets.xcassets */; };
		8A254E02212D14D7005D4C9B /* LaunchScreen.storyboard in Resources */ = {isa = PBXBuildFile; fileRef = 8A254E00212D14D7005D4C9B /* LaunchScreen.storyboard */; };
		8A254E05212D14D7005D4C9B /* main.m in Sources */ = {isa = PBXBuildFile; fileRef = 8A254E04212D14D7005D4C9B /* main.m */; };
		8A254E38212D55F7005D4C9B /* RCPopDemoVC.m in Sources */ = {isa = PBXBuildFile; fileRef = 8A254E37212D55F7005D4C9B /* RCPopDemoVC.m */; };
		8A275CA12137CD6C0071B32A /* RCPickerDemoVC.m in Sources */ = {isa = PBXBuildFile; fileRef = 8A275CA02137CD6C0071B32A /* RCPickerDemoVC.m */; };
		8A4F730322216EA700C0278D /* RCMJRefreshHeader.m in Sources */ = {isa = PBXBuildFile; fileRef = 8A4F730222216EA700C0278D /* RCMJRefreshHeader.m */; };
		8A4F73062221715A00C0278D /* RCMJRefreshExternHeader.m in Sources */ = {isa = PBXBuildFile; fileRef = 8A4F73052221715A00C0278D /* RCMJRefreshExternHeader.m */; };
		8A5424C721E04CB700C2097D /* NumbTagView.m in Sources */ = {isa = PBXBuildFile; fileRef = 8A5424C621E04CB700C2097D /* NumbTagView.m */; };
		8A5424CC21E0564200C2097D /* MetaBallCanvas.m in Sources */ = {isa = PBXBuildFile; fileRef = 8A5424CA21E0564200C2097D /* MetaBallCanvas.m */; settings = {COMPILER_FLAGS = "-fno-objc-arc"; }; };
		8A5424CD21E0564200C2097D /* MetaBall.m in Sources */ = {isa = PBXBuildFile; fileRef = 8A5424CB21E0564200C2097D /* MetaBall.m */; };
		8A5424D021E0571200C2097D /* PointUtils.m in Sources */ = {isa = PBXBuildFile; fileRef = 8A5424CF21E0571200C2097D /* PointUtils.m */; };
		8A5424D321E0572F00C2097D /* MetaBallItem.m in Sources */ = {isa = PBXBuildFile; fileRef = 8A5424D221E0572F00C2097D /* MetaBallItem.m */; };
		8A5424D621E0582D00C2097D /* Circle.m in Sources */ = {isa = PBXBuildFile; fileRef = 8A5424D421E0582C00C2097D /* Circle.m */; };
		8A58A50121D8CCFA00F456B6 /* RCTabBar.m in Sources */ = {isa = PBXBuildFile; fileRef = 8A58A50021D8CCFA00F456B6 /* RCTabBar.m */; };
		8A6994CC2196B89E000F3B71 /* RCLKDBHelperVC.m in Sources */ = {isa = PBXBuildFile; fileRef = 8A6994CB2196B89E000F3B71 /* RCLKDBHelperVC.m */; };
		8A6994CF2196C54C000F3B71 /* TestLKModel.m in Sources */ = {isa = PBXBuildFile; fileRef = 8A6994CE2196C54C000F3B71 /* TestLKModel.m */; };
		8A6994D22196C7CF000F3B71 /* LKBaseModel.m in Sources */ = {isa = PBXBuildFile; fileRef = 8A6994D12196C7CF000F3B71 /* LKBaseModel.m */; };
		8A6A595521DF94BE0092E101 /* RCTabbarController.m in Sources */ = {isa = PBXBuildFile; fileRef = 8A6A595421DF94BE0092E101 /* RCTabbarController.m */; };
		8A6AF89C224CA20700217C68 /* RCKeepBGRunManager.m in Sources */ = {isa = PBXBuildFile; fileRef = 8A6AF89B224CA20700217C68 /* RCKeepBGRunManager.m */; };
		8A6AF89E224CA4A800217C68 /* audio_source.mp3 in Resources */ = {isa = PBXBuildFile; fileRef = 8A6AF89D224CA4A800217C68 /* audio_source.mp3 */; };
		8A6AF8A0224CAB8C00217C68 /* shadow.mp3 in Resources */ = {isa = PBXBuildFile; fileRef = 8A6AF89F224CAB8C00217C68 /* shadow.mp3 */; };
		8A6D1BEA2177330600DDE742 /* AppDelegate+Init.m in Sources */ = {isa = PBXBuildFile; fileRef = 8A6D1BE92177330600DDE742 /* AppDelegate+Init.m */; };
		8A70B478217D62F00058B955 /* CommonUtil.m in Sources */ = {isa = PBXBuildFile; fileRef = 8A70B477217D62F00058B955 /* CommonUtil.m */; };
		8A863DDA221FFEEC00F83365 /* RCTableView.m in Sources */ = {isa = PBXBuildFile; fileRef = 8A863DD9221FFEEC00F83365 /* RCTableView.m */; };
		8A8802DC217979D900D84614 /* RCCusKeyboardVC.m in Sources */ = {isa = PBXBuildFile; fileRef = 8A8802DB217979D900D84614 /* RCCusKeyboardVC.m */; };
		8A9ABA30219413250078E1A8 /* RCRealmVC.m in Sources */ = {isa = PBXBuildFile; fileRef = 8A9ABA2F219413250078E1A8 /* RCRealmVC.m */; };
		8AA0E0AF21E324B500CCB650 /* ImageTextFactory.m in Sources */ = {isa = PBXBuildFile; fileRef = 8AA0E0AE21E324B500CCB650 /* ImageTextFactory.m */; };
/* End PBXBuildFile section */

/* Begin PBXFileReference section */
		8A254DF2212D14D6005D4C9B /* RCIOS-SDK.app */ = {isa = PBXFileReference; explicitFileType = wrapper.application; includeInIndex = 0; path = "RCIOS-SDK.app"; sourceTree = BUILT_PRODUCTS_DIR; };
		8A254DF5212D14D6005D4C9B /* AppDelegate.h */ = {isa = PBXFileReference; lastKnownFileType = sourcecode.c.h; path = AppDelegate.h; sourceTree = "<group>"; };
		8A254DF6212D14D6005D4C9B /* AppDelegate.m */ = {isa = PBXFileReference; lastKnownFileType = sourcecode.c.objc; path = AppDelegate.m; sourceTree = "<group>"; };
		8A254DF8212D14D6005D4C9B /* ViewController.h */ = {isa = PBXFileReference; lastKnownFileType = sourcecode.c.h; path = ViewController.h; sourceTree = "<group>"; };
		8A254DF9212D14D6005D4C9B /* ViewController.m */ = {isa = PBXFileReference; lastKnownFileType = sourcecode.c.objc; path = ViewController.m; sourceTree = "<group>"; };
		8A254DFC212D14D6005D4C9B /* Base */ = {isa = PBXFileReference; lastKnownFileType = file.storyboard; name = Base; path = Base.lproj/Main.storyboard; sourceTree = "<group>"; };
		8A254DFE212D14D7005D4C9B /* Assets.xcassets */ = {isa = PBXFileReference; lastKnownFileType = folder.assetcatalog; path = Assets.xcassets; sourceTree = "<group>"; };
		8A254E01212D14D7005D4C9B /* Base */ = {isa = PBXFileReference; lastKnownFileType = file.storyboard; name = Base; path = Base.lproj/LaunchScreen.storyboard; sourceTree = "<group>"; };
		8A254E03212D14D7005D4C9B /* Info.plist */ = {isa = PBXFileReference; lastKnownFileType = text.plist.xml; path = Info.plist; sourceTree = "<group>"; };
		8A254E04212D14D7005D4C9B /* main.m */ = {isa = PBXFileReference; lastKnownFileType = sourcecode.c.objc; path = main.m; sourceTree = "<group>"; };
		8A254E11212D2E0A005D4C9B /* PrefixHeader.pch */ = {isa = PBXFileReference; lastKnownFileType = sourcecode.c.h; path = PrefixHeader.pch; sourceTree = "<group>"; };
		8A254E36212D55F7005D4C9B /* RCPopDemoVC.h */ = {isa = PBXFileReference; lastKnownFileType = sourcecode.c.h; path = RCPopDemoVC.h; sourceTree = "<group>"; };
		8A254E37212D55F7005D4C9B /* RCPopDemoVC.m */ = {isa = PBXFileReference; lastKnownFileType = sourcecode.c.objc; path = RCPopDemoVC.m; sourceTree = "<group>"; };
		8A275C9F2137CD6C0071B32A /* RCPickerDemoVC.h */ = {isa = PBXFileReference; lastKnownFileType = sourcecode.c.h; path = RCPickerDemoVC.h; sourceTree = "<group>"; };
		8A275CA02137CD6C0071B32A /* RCPickerDemoVC.m */ = {isa = PBXFileReference; lastKnownFileType = sourcecode.c.objc; path = RCPickerDemoVC.m; sourceTree = "<group>"; };
		8A4F730122216EA700C0278D /* RCMJRefreshHeader.h */ = {isa = PBXFileReference; lastKnownFileType = sourcecode.c.h; path = RCMJRefreshHeader.h; sourceTree = "<group>"; };
		8A4F730222216EA700C0278D /* RCMJRefreshHeader.m */ = {isa = PBXFileReference; lastKnownFileType = sourcecode.c.objc; path = RCMJRefreshHeader.m; sourceTree = "<group>"; };
		8A4F73042221715A00C0278D /* RCMJRefreshExternHeader.h */ = {isa = PBXFileReference; lastKnownFileType = sourcecode.c.h; path = RCMJRefreshExternHeader.h; sourceTree = "<group>"; };
		8A4F73052221715A00C0278D /* RCMJRefreshExternHeader.m */ = {isa = PBXFileReference; lastKnownFileType = sourcecode.c.objc; path = RCMJRefreshExternHeader.m; sourceTree = "<group>"; };
		8A5424C521E04CB700C2097D /* NumbTagView.h */ = {isa = PBXFileReference; fileEncoding = 4; lastKnownFileType = sourcecode.c.h; path = NumbTagView.h; sourceTree = "<group>"; };
		8A5424C621E04CB700C2097D /* NumbTagView.m */ = {isa = PBXFileReference; fileEncoding = 4; lastKnownFileType = sourcecode.c.objc; path = NumbTagView.m; sourceTree = "<group>"; };
		8A5424C821E0564200C2097D /* MetaBall.h */ = {isa = PBXFileReference; fileEncoding = 4; lastKnownFileType = sourcecode.c.h; path = MetaBall.h; sourceTree = "<group>"; };
		8A5424C921E0564200C2097D /* MetaBallCanvas.h */ = {isa = PBXFileReference; fileEncoding = 4; lastKnownFileType = sourcecode.c.h; path = MetaBallCanvas.h; sourceTree = "<group>"; };
		8A5424CA21E0564200C2097D /* MetaBallCanvas.m */ = {isa = PBXFileReference; fileEncoding = 4; lastKnownFileType = sourcecode.c.objc; path = MetaBallCanvas.m; sourceTree = "<group>"; };
		8A5424CB21E0564200C2097D /* MetaBall.m */ = {isa = PBXFileReference; fileEncoding = 4; lastKnownFileType = sourcecode.c.objc; path = MetaBall.m; sourceTree = "<group>"; };
		8A5424CE21E0571100C2097D /* PointUtils.h */ = {isa = PBXFileReference; fileEncoding = 4; lastKnownFileType = sourcecode.c.h; path = PointUtils.h; sourceTree = "<group>"; };
		8A5424CF21E0571200C2097D /* PointUtils.m */ = {isa = PBXFileReference; fileEncoding = 4; lastKnownFileType = sourcecode.c.objc; path = PointUtils.m; sourceTree = "<group>"; };
		8A5424D121E0572F00C2097D /* MetaBallItem.h */ = {isa = PBXFileReference; fileEncoding = 4; lastKnownFileType = sourcecode.c.h; path = MetaBallItem.h; sourceTree = "<group>"; };
		8A5424D221E0572F00C2097D /* MetaBallItem.m */ = {isa = PBXFileReference; fileEncoding = 4; lastKnownFileType = sourcecode.c.objc; path = MetaBallItem.m; sourceTree = "<group>"; };
		8A5424D421E0582C00C2097D /* Circle.m */ = {isa = PBXFileReference; fileEncoding = 4; lastKnownFileType = sourcecode.c.objc; path = Circle.m; sourceTree = "<group>"; };
		8A5424D521E0582D00C2097D /* Circle.h */ = {isa = PBXFileReference; fileEncoding = 4; lastKnownFileType = sourcecode.c.h; path = Circle.h; sourceTree = "<group>"; };
		8A58A4FF21D8CCFA00F456B6 /* RCTabBar.h */ = {isa = PBXFileReference; lastKnownFileType = sourcecode.c.h; path = RCTabBar.h; sourceTree = "<group>"; };
		8A58A50021D8CCFA00F456B6 /* RCTabBar.m */ = {isa = PBXFileReference; lastKnownFileType = sourcecode.c.objc; path = RCTabBar.m; sourceTree = "<group>"; };
		8A6994CA2196B89E000F3B71 /* RCLKDBHelperVC.h */ = {isa = PBXFileReference; lastKnownFileType = sourcecode.c.h; path = RCLKDBHelperVC.h; sourceTree = "<group>"; };
		8A6994CB2196B89E000F3B71 /* RCLKDBHelperVC.m */ = {isa = PBXFileReference; lastKnownFileType = sourcecode.c.objc; path = RCLKDBHelperVC.m; sourceTree = "<group>"; };
		8A6994CD2196C54C000F3B71 /* TestLKModel.h */ = {isa = PBXFileReference; lastKnownFileType = sourcecode.c.h; path = TestLKModel.h; sourceTree = "<group>"; };
		8A6994CE2196C54C000F3B71 /* TestLKModel.m */ = {isa = PBXFileReference; lastKnownFileType = sourcecode.c.objc; path = TestLKModel.m; sourceTree = "<group>"; };
		8A6994D02196C7CF000F3B71 /* LKBaseModel.h */ = {isa = PBXFileReference; lastKnownFileType = sourcecode.c.h; path = LKBaseModel.h; sourceTree = "<group>"; };
		8A6994D12196C7CF000F3B71 /* LKBaseModel.m */ = {isa = PBXFileReference; lastKnownFileType = sourcecode.c.objc; path = LKBaseModel.m; sourceTree = "<group>"; };
		8A6A595321DF94BE0092E101 /* RCTabbarController.h */ = {isa = PBXFileReference; lastKnownFileType = sourcecode.c.h; path = RCTabbarController.h; sourceTree = "<group>"; };
		8A6A595421DF94BE0092E101 /* RCTabbarController.m */ = {isa = PBXFileReference; lastKnownFileType = sourcecode.c.objc; path = RCTabbarController.m; sourceTree = "<group>"; };
		8A6AF89A224CA20700217C68 /* RCKeepBGRunManager.h */ = {isa = PBXFileReference; lastKnownFileType = sourcecode.c.h; path = RCKeepBGRunManager.h; sourceTree = "<group>"; };
		8A6AF89B224CA20700217C68 /* RCKeepBGRunManager.m */ = {isa = PBXFileReference; lastKnownFileType = sourcecode.c.objc; path = RCKeepBGRunManager.m; sourceTree = "<group>"; };
		8A6AF89D224CA4A800217C68 /* audio_source.mp3 */ = {isa = PBXFileReference; lastKnownFileType = audio.mp3; path = audio_source.mp3; sourceTree = "<group>"; };
		8A6AF89F224CAB8C00217C68 /* shadow.mp3 */ = {isa = PBXFileReference; lastKnownFileType = audio.mp3; path = shadow.mp3; sourceTree = "<group>"; };
		8A6D1BE82177330600DDE742 /* AppDelegate+Init.h */ = {isa = PBXFileReference; lastKnownFileType = sourcecode.c.h; path = "AppDelegate+Init.h"; sourceTree = "<group>"; };
		8A6D1BE92177330600DDE742 /* AppDelegate+Init.m */ = {isa = PBXFileReference; lastKnownFileType = sourcecode.c.objc; path = "AppDelegate+Init.m"; sourceTree = "<group>"; };
		8A70B476217D62F00058B955 /* CommonUtil.h */ = {isa = PBXFileReference; lastKnownFileType = sourcecode.c.h; path = CommonUtil.h; sourceTree = "<group>"; };
		8A70B477217D62F00058B955 /* CommonUtil.m */ = {isa = PBXFileReference; lastKnownFileType = sourcecode.c.objc; path = CommonUtil.m; sourceTree = "<group>"; };
		8A863DD8221FFEEC00F83365 /* RCTableView.h */ = {isa = PBXFileReference; lastKnownFileType = sourcecode.c.h; path = RCTableView.h; sourceTree = "<group>"; };
		8A863DD9221FFEEC00F83365 /* RCTableView.m */ = {isa = PBXFileReference; lastKnownFileType = sourcecode.c.objc; path = RCTableView.m; sourceTree = "<group>"; };
		8A8802DA217979D900D84614 /* RCCusKeyboardVC.h */ = {isa = PBXFileReference; lastKnownFileType = sourcecode.c.h; path = RCCusKeyboardVC.h; sourceTree = "<group>"; };
		8A8802DB217979D900D84614 /* RCCusKeyboardVC.m */ = {isa = PBXFileReference; lastKnownFileType = sourcecode.c.objc; path = RCCusKeyboardVC.m; sourceTree = "<group>"; };
		8A9ABA2E219413250078E1A8 /* RCRealmVC.h */ = {isa = PBXFileReference; lastKnownFileType = sourcecode.c.h; path = RCRealmVC.h; sourceTree = "<group>"; };
		8A9ABA2F219413250078E1A8 /* RCRealmVC.m */ = {isa = PBXFileReference; lastKnownFileType = sourcecode.c.objc; path = RCRealmVC.m; sourceTree = "<group>"; };
		8AA0E0AD21E324B500CCB650 /* ImageTextFactory.h */ = {isa = PBXFileReference; lastKnownFileType = sourcecode.c.h; path = ImageTextFactory.h; sourceTree = "<group>"; };
		8AA0E0AE21E324B500CCB650 /* ImageTextFactory.m */ = {isa = PBXFileReference; lastKnownFileType = sourcecode.c.objc; path = ImageTextFactory.m; sourceTree = "<group>"; };
		8F43CAF8F14C7CD21A72D737 /* libPods-RCIOS-SDK.a */ = {isa = PBXFileReference; explicitFileType = archive.ar; includeInIndex = 0; path = "libPods-RCIOS-SDK.a"; sourceTree = BUILT_PRODUCTS_DIR; };
		F387BB4A3192A231BCBB3EC2 /* Pods-RCIOS-SDK.debug.xcconfig */ = {isa = PBXFileReference; includeInIndex = 1; lastKnownFileType = text.xcconfig; name = "Pods-RCIOS-SDK.debug.xcconfig"; path = "Pods/Target Support Files/Pods-RCIOS-SDK/Pods-RCIOS-SDK.debug.xcconfig"; sourceTree = "<group>"; };
		F54BAEF96BAD5D0DAE73567A /* Pods-RCIOS-SDK.release.xcconfig */ = {isa = PBXFileReference; includeInIndex = 1; lastKnownFileType = text.xcconfig; name = "Pods-RCIOS-SDK.release.xcconfig"; path = "Pods/Target Support Files/Pods-RCIOS-SDK/Pods-RCIOS-SDK.release.xcconfig"; sourceTree = "<group>"; };
/* End PBXFileReference section */

/* Begin PBXFrameworksBuildPhase section */
		8A254DEF212D14D6005D4C9B /* Frameworks */ = {
			isa = PBXFrameworksBuildPhase;
			buildActionMask = 2147483647;
			files = (
				3CDE556887207AB869D3351F /* libPods-RCIOS-SDK.a in Frameworks */,
			);
			runOnlyForDeploymentPostprocessing = 0;
		};
/* End PBXFrameworksBuildPhase section */

/* Begin PBXGroup section */
		31C4B9762772ED1A6E9DB33B /* Frameworks */ = {
			isa = PBXGroup;
			children = (
				8F43CAF8F14C7CD21A72D737 /* libPods-RCIOS-SDK.a */,
			);
			name = Frameworks;
			sourceTree = "<group>";
		};
		3E742FDBE997238338DF4287 /* Pods */ = {
			isa = PBXGroup;
			children = (
				F387BB4A3192A231BCBB3EC2 /* Pods-RCIOS-SDK.debug.xcconfig */,
				F54BAEF96BAD5D0DAE73567A /* Pods-RCIOS-SDK.release.xcconfig */,
			);
			name = Pods;
			sourceTree = "<group>";
		};
		8A254DE9212D14D6005D4C9B = {
			isa = PBXGroup;
			children = (
				8A254DF4212D14D6005D4C9B /* RCIOS-SDK */,
				8A254DF3212D14D6005D4C9B /* Products */,
				3E742FDBE997238338DF4287 /* Pods */,
				31C4B9762772ED1A6E9DB33B /* Frameworks */,
			);
			sourceTree = "<group>";
		};
		8A254DF3212D14D6005D4C9B /* Products */ = {
			isa = PBXGroup;
			children = (
				8A254DF2212D14D6005D4C9B /* RCIOS-SDK.app */,
			);
			name = Products;
			sourceTree = "<group>";
		};
		8A254DF4212D14D6005D4C9B /* RCIOS-SDK */ = {
			isa = PBXGroup;
			children = (
				8A6AF899224CA1D000217C68 /* BackTask */,
				8A70B475217D62C70058B955 /* Common */,
				8A6C6552215E0CFA00689BED /* Demo */,
				8A254DF5212D14D6005D4C9B /* AppDelegate.h */,
				8A254DF6212D14D6005D4C9B /* AppDelegate.m */,
				8A6D1BE82177330600DDE742 /* AppDelegate+Init.h */,
				8A6D1BE92177330600DDE742 /* AppDelegate+Init.m */,
				8A254DF8212D14D6005D4C9B /* ViewController.h */,
				8A254DF9212D14D6005D4C9B /* ViewController.m */,
				8A863DD8221FFEEC00F83365 /* RCTableView.h */,
				8A863DD9221FFEEC00F83365 /* RCTableView.m */,
				8A4F730122216EA700C0278D /* RCMJRefreshHeader.h */,
				8A4F730222216EA700C0278D /* RCMJRefreshHeader.m */,
				8A4F73042221715A00C0278D /* RCMJRefreshExternHeader.h */,
				8A4F73052221715A00C0278D /* RCMJRefreshExternHeader.m */,
				8A254E11212D2E0A005D4C9B /* PrefixHeader.pch */,
				8A254DFB212D14D6005D4C9B /* Main.storyboard */,
				8A254DFE212D14D7005D4C9B /* Assets.xcassets */,
				8A254E00212D14D7005D4C9B /* LaunchScreen.storyboard */,
				8A254E03212D14D7005D4C9B /* Info.plist */,
				8A254E04212D14D7005D4C9B /* main.m */,
			);
			path = "RCIOS-SDK";
			sourceTree = "<group>";
		};
		8A58A4FB21D8CCD400F456B6 /* Tabbar */ = {
			isa = PBXGroup;
			children = (
				8A5424D521E0582D00C2097D /* Circle.h */,
				8A5424D421E0582C00C2097D /* Circle.m */,
				8A5424CE21E0571100C2097D /* PointUtils.h */,
				8A5424CF21E0571200C2097D /* PointUtils.m */,
				8A5424C821E0564200C2097D /* MetaBall.h */,
				8A5424CB21E0564200C2097D /* MetaBall.m */,
				8A5424D121E0572F00C2097D /* MetaBallItem.h */,
				8A5424D221E0572F00C2097D /* MetaBallItem.m */,
				8A5424C921E0564200C2097D /* MetaBallCanvas.h */,
				8A5424CA21E0564200C2097D /* MetaBallCanvas.m */,
				8A5424C521E04CB700C2097D /* NumbTagView.h */,
				8A5424C621E04CB700C2097D /* NumbTagView.m */,
				8AA0E0AD21E324B500CCB650 /* ImageTextFactory.h */,
				8AA0E0AE21E324B500CCB650 /* ImageTextFactory.m */,
				8A58A4FF21D8CCFA00F456B6 /* RCTabBar.h */,
				8A58A50021D8CCFA00F456B6 /* RCTabBar.m */,
				8A6A595321DF94BE0092E101 /* RCTabbarController.h */,
				8A6A595421DF94BE0092E101 /* RCTabbarController.m */,
			);
			path = Tabbar;
			sourceTree = "<group>";
		};
		8A6AF899224CA1D000217C68 /* BackTask */ = {
			isa = PBXGroup;
			children = (
				8A6AF89F224CAB8C00217C68 /* shadow.mp3 */,
				8A6AF89D224CA4A800217C68 /* audio_source.mp3 */,
				8A6AF89A224CA20700217C68 /* RCKeepBGRunManager.h */,
				8A6AF89B224CA20700217C68 /* RCKeepBGRunManager.m */,
			);
			path = BackTask;
			sourceTree = "<group>";
		};
		8A6C6552215E0CFA00689BED /* Demo */ = {
			isa = PBXGroup;
			children = (
				8A58A4FB21D8CCD400F456B6 /* Tabbar */,
				8A254E36212D55F7005D4C9B /* RCPopDemoVC.h */,
				8A254E37212D55F7005D4C9B /* RCPopDemoVC.m */,
				8A275C9F2137CD6C0071B32A /* RCPickerDemoVC.h */,
				8A275CA02137CD6C0071B32A /* RCPickerDemoVC.m */,
				8A8802DA217979D900D84614 /* RCCusKeyboardVC.h */,
				8A8802DB217979D900D84614 /* RCCusKeyboardVC.m */,
				8A9ABA2E219413250078E1A8 /* RCRealmVC.h */,
				8A9ABA2F219413250078E1A8 /* RCRealmVC.m */,
				8A6994CA2196B89E000F3B71 /* RCLKDBHelperVC.h */,
				8A6994CB2196B89E000F3B71 /* RCLKDBHelperVC.m */,
				8A6994CD2196C54C000F3B71 /* TestLKModel.h */,
				8A6994CE2196C54C000F3B71 /* TestLKModel.m */,
				8A6994D02196C7CF000F3B71 /* LKBaseModel.h */,
				8A6994D12196C7CF000F3B71 /* LKBaseModel.m */,
			);
			path = Demo;
			sourceTree = "<group>";
		};
		8A70B475217D62C70058B955 /* Common */ = {
			isa = PBXGroup;
			children = (
				8A70B476217D62F00058B955 /* CommonUtil.h */,
				8A70B477217D62F00058B955 /* CommonUtil.m */,
			);
			path = Common;
			sourceTree = "<group>";
		};
/* End PBXGroup section */

/* Begin PBXNativeTarget section */
		8A254DF1212D14D6005D4C9B /* RCIOS-SDK */ = {
			isa = PBXNativeTarget;
			buildConfigurationList = 8A254E08212D14D7005D4C9B /* Build configuration list for PBXNativeTarget "RCIOS-SDK" */;
			buildPhases = (
				CE5B3F3EC9B03F1985ACE0E7 /* [CP] Check Pods Manifest.lock */,
				8A254DEE212D14D6005D4C9B /* Sources */,
				8A254DEF212D14D6005D4C9B /* Frameworks */,
				8A254DF0212D14D6005D4C9B /* Resources */,
				DC0BA1E8C5CBFF5B54ADF379 /* [CP] Copy Pods Resources */,
			);
			buildRules = (
			);
			dependencies = (
			);
			name = "RCIOS-SDK";
			productName = "RCIOS-SDK";
			productReference = 8A254DF2212D14D6005D4C9B /* RCIOS-SDK.app */;
			productType = "com.apple.product-type.application";
		};
/* End PBXNativeTarget section */

/* Begin PBXProject section */
		8A254DEA212D14D6005D4C9B /* Project object */ = {
			isa = PBXProject;
			attributes = {
				LastUpgradeCheck = 0940;
				ORGANIZATIONNAME = RC;
				TargetAttributes = {
					8A254DF1212D14D6005D4C9B = {
						CreatedOnToolsVersion = 9.4.1;
						SystemCapabilities = {
							com.apple.BackgroundModes = {
								enabled = 1;
							};
						};
					};
				};
			};
			buildConfigurationList = 8A254DED212D14D6005D4C9B /* Build configuration list for PBXProject "RCIOS-SDK" */;
			compatibilityVersion = "Xcode 9.3";
			developmentRegion = en;
			hasScannedForEncodings = 0;
			knownRegions = (
				en,
				Base,
			);
			mainGroup = 8A254DE9212D14D6005D4C9B;
			productRefGroup = 8A254DF3212D14D6005D4C9B /* Products */;
			projectDirPath = "";
			projectRoot = "";
			targets = (
				8A254DF1212D14D6005D4C9B /* RCIOS-SDK */,
			);
		};
/* End PBXProject section */

/* Begin PBXResourcesBuildPhase section */
		8A254DF0212D14D6005D4C9B /* Resources */ = {
			isa = PBXResourcesBuildPhase;
			buildActionMask = 2147483647;
			files = (
				8A254E02212D14D7005D4C9B /* LaunchScreen.storyboard in Resources */,
				8A254DFF212D14D7005D4C9B /* Assets.xcassets in Resources */,
				8A6AF89E224CA4A800217C68 /* audio_source.mp3 in Resources */,
				8A254DFD212D14D6005D4C9B /* Main.storyboard in Resources */,
				8A6AF8A0224CAB8C00217C68 /* shadow.mp3 in Resources */,
			);
			runOnlyForDeploymentPostprocessing = 0;
		};
/* End PBXResourcesBuildPhase section */

/* Begin PBXShellScriptBuildPhase section */
		CE5B3F3EC9B03F1985ACE0E7 /* [CP] Check Pods Manifest.lock */ = {
			isa = PBXShellScriptBuildPhase;
			buildActionMask = 2147483647;
			files = (
			);
			inputPaths = (
				"${PODS_PODFILE_DIR_PATH}/Podfile.lock",
				"${PODS_ROOT}/Manifest.lock",
			);
			name = "[CP] Check Pods Manifest.lock";
			outputPaths = (
				"$(DERIVED_FILE_DIR)/Pods-RCIOS-SDK-checkManifestLockResult.txt",
			);
			runOnlyForDeploymentPostprocessing = 0;
			shellPath = /bin/sh;
			shellScript = "diff \"${PODS_PODFILE_DIR_PATH}/Podfile.lock\" \"${PODS_ROOT}/Manifest.lock\" > /dev/null\nif [ $? != 0 ] ; then\n    # print error to STDERR\n    echo \"error: The sandbox is not in sync with the Podfile.lock. Run 'pod install' or update your CocoaPods installation.\" >&2\n    exit 1\nfi\n# This output is used by Xcode 'outputs' to avoid re-running this script phase.\necho \"SUCCESS\" > \"${SCRIPT_OUTPUT_FILE_0}\"\n";
			showEnvVarsInLog = 0;
		};
		DC0BA1E8C5CBFF5B54ADF379 /* [CP] Copy Pods Resources */ = {
			isa = PBXShellScriptBuildPhase;
			buildActionMask = 2147483647;
			files = (
			);
			inputFileListPaths = (
			);
			inputPaths = (
				"${SRCROOT}/Pods/Target Support Files/Pods-RCIOS-SDK/Pods-RCIOS-SDK-resources.sh",
				"${PODS_ROOT}/MJRefresh/MJRefresh/MJRefresh.bundle",
			);
			name = "[CP] Copy Pods Resources";
			outputFileListPaths = (
			);
			outputPaths = (
				"${TARGET_BUILD_DIR}/${UNLOCALIZED_RESOURCES_FOLDER_PATH}/MJRefresh.bundle",
			);
			runOnlyForDeploymentPostprocessing = 0;
			shellPath = /bin/sh;
			shellScript = "\"${SRCROOT}/Pods/Target Support Files/Pods-RCIOS-SDK/Pods-RCIOS-SDK-resources.sh\"\n";
			showEnvVarsInLog = 0;
		};
/* End PBXShellScriptBuildPhase section */

/* Begin PBXSourcesBuildPhase section */
		8A254DEE212D14D6005D4C9B /* Sources */ = {
			isa = PBXSourcesBuildPhase;
			buildActionMask = 2147483647;
			files = (
				8A6A595521DF94BE0092E101 /* RCTabbarController.m in Sources */,
				8A5424C721E04CB700C2097D /* NumbTagView.m in Sources */,
				8A6994CC2196B89E000F3B71 /* RCLKDBHelperVC.m in Sources */,
				8A6D1BEA2177330600DDE742 /* AppDelegate+Init.m in Sources */,
				8A5424D321E0572F00C2097D /* MetaBallItem.m in Sources */,
				8A254DFA212D14D6005D4C9B /* ViewController.m in Sources */,
				8A9ABA30219413250078E1A8 /* RCRealmVC.m in Sources */,
				8A6994CF2196C54C000F3B71 /* TestLKModel.m in Sources */,
				8A254E05212D14D7005D4C9B /* main.m in Sources */,
				8A4F73062221715A00C0278D /* RCMJRefreshExternHeader.m in Sources */,
				8A275CA12137CD6C0071B32A /* RCPickerDemoVC.m in Sources */,
				8A863DDA221FFEEC00F83365 /* RCTableView.m in Sources */,
				8A5424CC21E0564200C2097D /* MetaBallCanvas.m in Sources */,
				8A6994D22196C7CF000F3B71 /* LKBaseModel.m in Sources */,
				8A254E38212D55F7005D4C9B /* RCPopDemoVC.m in Sources */,
				8A5424D021E0571200C2097D /* PointUtils.m in Sources */,
				8A5424CD21E0564200C2097D /* MetaBall.m in Sources */,
				8A6AF89C224CA20700217C68 /* RCKeepBGRunManager.m in Sources */,
				8A254DF7212D14D6005D4C9B /* AppDelegate.m in Sources */,
				8A70B478217D62F00058B955 /* CommonUtil.m in Sources */,
				8A4F730322216EA700C0278D /* RCMJRefreshHeader.m in Sources */,
				8A5424D621E0582D00C2097D /* Circle.m in Sources */,
				8AA0E0AF21E324B500CCB650 /* ImageTextFactory.m in Sources */,
				8A58A50121D8CCFA00F456B6 /* RCTabBar.m in Sources */,
				8A8802DC217979D900D84614 /* RCCusKeyboardVC.m in Sources */,
			);
			runOnlyForDeploymentPostprocessing = 0;
		};
/* End PBXSourcesBuildPhase section */

/* Begin PBXVariantGroup section */
		8A254DFB212D14D6005D4C9B /* Main.storyboard */ = {
			isa = PBXVariantGroup;
			children = (
				8A254DFC212D14D6005D4C9B /* Base */,
			);
			name = Main.storyboard;
			sourceTree = "<group>";
		};
		8A254E00212D14D7005D4C9B /* LaunchScreen.storyboard */ = {
			isa = PBXVariantGroup;
			children = (
				8A254E01212D14D7005D4C9B /* Base */,
			);
			name = LaunchScreen.storyboard;
			sourceTree = "<group>";
		};
/* End PBXVariantGroup section */

/* Begin XCBuildConfiguration section */
		8A254E06212D14D7005D4C9B /* Debug */ = {
			isa = XCBuildConfiguration;
			buildSettings = {
				ALWAYS_SEARCH_USER_PATHS = NO;
				CLANG_ANALYZER_NONNULL = YES;
				CLANG_ANALYZER_NUMBER_OBJECT_CONVERSION = YES_AGGRESSIVE;
				CLANG_CXX_LANGUAGE_STANDARD = "gnu++14";
				CLANG_CXX_LIBRARY = "libc++";
				CLANG_ENABLE_MODULES = YES;
				CLANG_ENABLE_OBJC_ARC = YES;
				CLANG_ENABLE_OBJC_WEAK = YES;
				CLANG_WARN_BLOCK_CAPTURE_AUTORELEASING = YES;
				CLANG_WARN_BOOL_CONVERSION = YES;
				CLANG_WARN_COMMA = YES;
				CLANG_WARN_CONSTANT_CONVERSION = YES;
				CLANG_WARN_DEPRECATED_OBJC_IMPLEMENTATIONS = YES;
				CLANG_WARN_DIRECT_OBJC_ISA_USAGE = YES_ERROR;
				CLANG_WARN_DOCUMENTATION_COMMENTS = YES;
				CLANG_WARN_EMPTY_BODY = YES;
				CLANG_WARN_ENUM_CONVERSION = YES;
				CLANG_WARN_INFINITE_RECURSION = YES;
				CLANG_WARN_INT_CONVERSION = YES;
				CLANG_WARN_NON_LITERAL_NULL_CONVERSION = YES;
				CLANG_WARN_OBJC_IMPLICIT_RETAIN_SELF = YES;
				CLANG_WARN_OBJC_LITERAL_CONVERSION = YES;
				CLANG_WARN_OBJC_ROOT_CLASS = YES_ERROR;
				CLANG_WARN_RANGE_LOOP_ANALYSIS = YES;
				CLANG_WARN_STRICT_PROTOTYPES = YES;
				CLANG_WARN_SUSPICIOUS_MOVE = YES;
				CLANG_WARN_UNGUARDED_AVAILABILITY = YES_AGGRESSIVE;
				CLANG_WARN_UNREACHABLE_CODE = YES;
				CLANG_WARN__DUPLICATE_METHOD_MATCH = YES;
				CODE_SIGN_IDENTITY = "iPhone Developer";
				COPY_PHASE_STRIP = NO;
				DEBUG_INFORMATION_FORMAT = dwarf;
				ENABLE_STRICT_OBJC_MSGSEND = YES;
				ENABLE_TESTABILITY = YES;
				GCC_C_LANGUAGE_STANDARD = gnu11;
				GCC_DYNAMIC_NO_PIC = NO;
				GCC_NO_COMMON_BLOCKS = YES;
				GCC_OPTIMIZATION_LEVEL = 0;
				GCC_PREPROCESSOR_DEFINITIONS = (
					"DEBUG=1",
					"$(inherited)",
				);
				GCC_WARN_64_TO_32_BIT_CONVERSION = YES;
				GCC_WARN_ABOUT_RETURN_TYPE = YES_ERROR;
				GCC_WARN_UNDECLARED_SELECTOR = YES;
				GCC_WARN_UNINITIALIZED_AUTOS = YES_AGGRESSIVE;
				GCC_WARN_UNUSED_FUNCTION = YES;
				GCC_WARN_UNUSED_VARIABLE = YES;
				IPHONEOS_DEPLOYMENT_TARGET = 11.4;
				MTL_ENABLE_DEBUG_INFO = YES;
				ONLY_ACTIVE_ARCH = YES;
				SDKROOT = iphoneos;
			};
			name = Debug;
		};
		8A254E07212D14D7005D4C9B /* Release */ = {
			isa = XCBuildConfiguration;
			buildSettings = {
				ALWAYS_SEARCH_USER_PATHS = NO;
				CLANG_ANALYZER_NONNULL = YES;
				CLANG_ANALYZER_NUMBER_OBJECT_CONVERSION = YES_AGGRESSIVE;
				CLANG_CXX_LANGUAGE_STANDARD = "gnu++14";
				CLANG_CXX_LIBRARY = "libc++";
				CLANG_ENABLE_MODULES = YES;
				CLANG_ENABLE_OBJC_ARC = YES;
				CLANG_ENABLE_OBJC_WEAK = YES;
				CLANG_WARN_BLOCK_CAPTURE_AUTORELEASING = YES;
				CLANG_WARN_BOOL_CONVERSION = YES;
				CLANG_WARN_COMMA = YES;
				CLANG_WARN_CONSTANT_CONVERSION = YES;
				CLANG_WARN_DEPRECATED_OBJC_IMPLEMENTATIONS = YES;
				CLANG_WARN_DIRECT_OBJC_ISA_USAGE = YES_ERROR;
				CLANG_WARN_DOCUMENTATION_COMMENTS = YES;
				CLANG_WARN_EMPTY_BODY = YES;
				CLANG_WARN_ENUM_CONVERSION = YES;
				CLANG_WARN_INFINITE_RECURSION = YES;
				CLANG_WARN_INT_CONVERSION = YES;
				CLANG_WARN_NON_LITERAL_NULL_CONVERSION = YES;
				CLANG_WARN_OBJC_IMPLICIT_RETAIN_SELF = YES;
				CLANG_WARN_OBJC_LITERAL_CONVERSION = YES;
				CLANG_WARN_OBJC_ROOT_CLASS = YES_ERROR;
				CLANG_WARN_RANGE_LOOP_ANALYSIS = YES;
				CLANG_WARN_STRICT_PROTOTYPES = YES;
				CLANG_WARN_SUSPICIOUS_MOVE = YES;
				CLANG_WARN_UNGUARDED_AVAILABILITY = YES_AGGRESSIVE;
				CLANG_WARN_UNREACHABLE_CODE = YES;
				CLANG_WARN__DUPLICATE_METHOD_MATCH = YES;
				CODE_SIGN_IDENTITY = "iPhone Developer";
				COPY_PHASE_STRIP = NO;
				DEBUG_INFORMATION_FORMAT = "dwarf-with-dsym";
				ENABLE_NS_ASSERTIONS = NO;
				ENABLE_STRICT_OBJC_MSGSEND = YES;
				GCC_C_LANGUAGE_STANDARD = gnu11;
				GCC_NO_COMMON_BLOCKS = YES;
				GCC_WARN_64_TO_32_BIT_CONVERSION = YES;
				GCC_WARN_ABOUT_RETURN_TYPE = YES_ERROR;
				GCC_WARN_UNDECLARED_SELECTOR = YES;
				GCC_WARN_UNINITIALIZED_AUTOS = YES_AGGRESSIVE;
				GCC_WARN_UNUSED_FUNCTION = YES;
				GCC_WARN_UNUSED_VARIABLE = YES;
				IPHONEOS_DEPLOYMENT_TARGET = 11.4;
				MTL_ENABLE_DEBUG_INFO = NO;
				SDKROOT = iphoneos;
				VALIDATE_PRODUCT = YES;
			};
			name = Release;
		};
		8A254E09212D14D7005D4C9B /* Debug */ = {
			isa = XCBuildConfiguration;
			baseConfigurationReference = F387BB4A3192A231BCBB3EC2 /* Pods-RCIOS-SDK.debug.xcconfig */;
			buildSettings = {
				ASSETCATALOG_COMPILER_APPICON_NAME = AppIcon;
				CLANG_WARN_OBJC_IMPLICIT_RETAIN_SELF = NO;
				CODE_SIGN_STYLE = Automatic;
				DEVELOPMENT_TEAM = MC6BK75TK6;
				GCC_PREFIX_HEADER = "RCIOS-SDK/PrefixHeader.pch";
				INFOPLIST_FILE = "RCIOS-SDK/Info.plist";
				IPHONEOS_DEPLOYMENT_TARGET = 10.0;
				LD_RUNPATH_SEARCH_PATHS = (
					"$(inherited)",
					"@executable_path/Frameworks",
				);
				PRODUCT_BUNDLE_IDENTIFIER = "RC.RCIOS-SDK";
				PRODUCT_NAME = "$(TARGET_NAME)";
				TARGETED_DEVICE_FAMILY = "1,2";
			};
			name = Debug;
		};
		8A254E0A212D14D7005D4C9B /* Release */ = {
			isa = XCBuildConfiguration;
			baseConfigurationReference = F54BAEF96BAD5D0DAE73567A /* Pods-RCIOS-SDK.release.xcconfig */;
			buildSettings = {
				ASSETCATALOG_COMPILER_APPICON_NAME = AppIcon;
				CLANG_WARN_OBJC_IMPLICIT_RETAIN_SELF = NO;
				CODE_SIGN_STYLE = Automatic;
				DEVELOPMENT_TEAM = MC6BK75TK6;
				GCC_PREFIX_HEADER = "RCIOS-SDK/PrefixHeader.pch";
				INFOPLIST_FILE = "RCIOS-SDK/Info.plist";
				IPHONEOS_DEPLOYMENT_TARGET = 10.0;
				LD_RUNPATH_SEARCH_PATHS = (
					"$(inherited)",
					"@executable_path/Frameworks",
				);
				PRODUCT_BUNDLE_IDENTIFIER = "RC.RCIOS-SDK";
				PRODUCT_NAME = "$(TARGET_NAME)";
				TARGETED_DEVICE_FAMILY = "1,2";
			};
			name = Release;
		};
/* End XCBuildConfiguration section */

/* Begin XCConfigurationList section */
		8A254DED212D14D6005D4C9B /* Build configuration list for PBXProject "RCIOS-SDK" */ = {
			isa = XCConfigurationList;
			buildConfigurations = (
				8A254E06212D14D7005D4C9B /* Debug */,
				8A254E07212D14D7005D4C9B /* Release */,
			);
			defaultConfigurationIsVisible = 0;
			defaultConfigurationName = Release;
		};
		8A254E08212D14D7005D4C9B /* Build configuration list for PBXNativeTarget "RCIOS-SDK" */ = {
			isa = XCConfigurationList;
			buildConfigurations = (
				8A254E09212D14D7005D4C9B /* Debug */,
				8A254E0A212D14D7005D4C9B /* Release */,
			);
			defaultConfigurationIsVisible = 0;
			defaultConfigurationName = Release;
		};
/* End XCConfigurationList section */
	};
	rootObject = 8A254DEA212D14D6005D4C9B /* Project object */;
}
