// !$*UTF8*$!
{
	archiveVersion = 1;
	classes = {
	};
	objectVersion = 50;
	objects = {

/* Begin PBXBuildFile section */
		8A254DF7212D14D6005D4C9B /* AppDelegate.m in Sources */ = {isa = PBXBuildFile; fileRef = 8A254DF6212D14D6005D4C9B /* AppDelegate.m */; };
		8A254DFA212D14D6005D4C9B /* ViewController.m in Sources */ = {isa = PBXBuildFile; fileRef = 8A254DF9212D14D6005D4C9B /* ViewController.m */; };
		8A254DFD212D14D6005D4C9B /* Main.storyboard in Resources */ = {isa = PBXBuildFile; fileRef = 8A254DFB212D14D6005D4C9B /* Main.storyboard */; };
		8A254DFF212D14D7005D4C9B /* Assets.xcassets in Resources */ = {isa = PBXBuildFile; fileRef = 8A254DFE212D14D7005D4C9B /* Assets.xcassets */; };
		8A254E02212D14D7005D4C9B /* LaunchScreen.storyboard in Resources */ = {isa = PBXBuildFile; fileRef = 8A254E00212D14D7005D4C9B /* LaunchScreen.storyboard */; };
		8A254E05212D14D7005D4C9B /* main.m in Sources */ = {isa = PBXBuildFile; fileRef = 8A254E04212D14D7005D4C9B /* main.m */; };
		8A254E17212D2EEF005D4C9B /* PopBaseView.m in Sources */ = {isa = PBXBuildFile; fileRef = 8A254E14212D2EEF005D4C9B /* PopBaseView.m */; };
		8A254E18212D2EEF005D4C9B /* YYKeyboardManager.m in Sources */ = {isa = PBXBuildFile; fileRef = 8A254E16212D2EEF005D4C9B /* YYKeyboardManager.m */; };
		8A254E1C212D316E005D4C9B /* UIFactory.m in Sources */ = {isa = PBXBuildFile; fileRef = 8A254E1B212D316E005D4C9B /* UIFactory.m */; };
		8A254E20212D4040005D4C9B /* NSString+Size.m in Sources */ = {isa = PBXBuildFile; fileRef = 8A254E1F212D4040005D4C9B /* NSString+Size.m */; };
		8A254E2F212D4D04005D4C9B /* M80AttributedLabel.m in Sources */ = {isa = PBXBuildFile; fileRef = 8A254E27212D4D04005D4C9B /* M80AttributedLabel.m */; };
		8A254E30212D4D04005D4C9B /* M80AttributedLabelAttachment.m in Sources */ = {isa = PBXBuildFile; fileRef = 8A254E29212D4D04005D4C9B /* M80AttributedLabelAttachment.m */; };
		8A254E31212D4D04005D4C9B /* M80AttributedLabelURL.m in Sources */ = {isa = PBXBuildFile; fileRef = 8A254E2C212D4D04005D4C9B /* M80AttributedLabelURL.m */; };
		8A254E32212D4D04005D4C9B /* NSMutableAttributedString+M80.m in Sources */ = {isa = PBXBuildFile; fileRef = 8A254E2E212D4D04005D4C9B /* NSMutableAttributedString+M80.m */; };
		8A254E35212D4F96005D4C9B /* WPNormalPopView.m in Sources */ = {isa = PBXBuildFile; fileRef = 8A254E34212D4F96005D4C9B /* WPNormalPopView.m */; };
		8A254E38212D55F7005D4C9B /* RCPopDemoVC.m in Sources */ = {isa = PBXBuildFile; fileRef = 8A254E37212D55F7005D4C9B /* RCPopDemoVC.m */; };
		8A254E3B212D6C93005D4C9B /* KPUpdatePopView.m in Sources */ = {isa = PBXBuildFile; fileRef = 8A254E3A212D6C93005D4C9B /* KPUpdatePopView.m */; };
		8A660A62212E50D800389983 /* GeneralCore.m in Sources */ = {isa = PBXBuildFile; fileRef = 8A660A61212E50D800389983 /* GeneralCore.m */; };
		8A679FFB21339822005D45C7 /* KPRedAlertPopView.m in Sources */ = {isa = PBXBuildFile; fileRef = 8A8CCC822131494F00E7F359 /* KPRedAlertPopView.m */; };
		8A81174C2136404D00FC03E0 /* KPAddProFinishPopView.m in Sources */ = {isa = PBXBuildFile; fileRef = 8A81174B2136404C00FC03E0 /* KPAddProFinishPopView.m */; };
		8A811750213641DF00FC03E0 /* UpImgDownTextBtn.m in Sources */ = {isa = PBXBuildFile; fileRef = 8A81174E213641DE00FC03E0 /* UpImgDownTextBtn.m */; };
		8A8117532136436D00FC03E0 /* KPBandingUnitPopView.m in Sources */ = {isa = PBXBuildFile; fileRef = 8A8117522136436D00FC03E0 /* KPBandingUnitPopView.m */; };
		8A8117562136489A00FC03E0 /* KPDepartSelectPopView.m in Sources */ = {isa = PBXBuildFile; fileRef = 8A8117552136489900FC03E0 /* KPDepartSelectPopView.m */; };
		8A81175A21364BC300FC03E0 /* DownSelectView.m in Sources */ = {isa = PBXBuildFile; fileRef = 8A81175921364BC300FC03E0 /* DownSelectView.m */; };
		8A81175E21364F2400FC03E0 /* KPDepartment.m in Sources */ = {isa = PBXBuildFile; fileRef = 8A81175D21364F2400FC03E0 /* KPDepartment.m */; };
		8A84F8672130EDF60052C962 /* LittleImageBigControl.m in Sources */ = {isa = PBXBuildFile; fileRef = 8A84F8662130EDF60052C962 /* LittleImageBigControl.m */; };
		8A84F8752130F07B0052C962 /* KPEditTextPopView.m in Sources */ = {isa = PBXBuildFile; fileRef = 8A84F8732130F07B0052C962 /* KPEditTextPopView.m */; };
		8A84F8792130F4540052C962 /* KPTextField.m in Sources */ = {isa = PBXBuildFile; fileRef = 8A84F8782130F4540052C962 /* KPTextField.m */; };
		8A8CCC892131599800E7F359 /* InputSecurityView.m in Sources */ = {isa = PBXBuildFile; fileRef = 8A8CCC862131599700E7F359 /* InputSecurityView.m */; };
		8A8CCC8A2131599800E7F359 /* PasswordInputView.m in Sources */ = {isa = PBXBuildFile; fileRef = 8A8CCC882131599700E7F359 /* PasswordInputView.m */; };
/* End PBXBuildFile section */

/* Begin PBXFileReference section */
		8A254DF2212D14D6005D4C9B /* RCIOS-SDK.app */ = {isa = PBXFileReference; explicitFileType = wrapper.application; includeInIndex = 0; path = "RCIOS-SDK.app"; sourceTree = BUILT_PRODUCTS_DIR; };
		8A254DF5212D14D6005D4C9B /* AppDelegate.h */ = {isa = PBXFileReference; lastKnownFileType = sourcecode.c.h; path = AppDelegate.h; sourceTree = "<group>"; };
		8A254DF6212D14D6005D4C9B /* AppDelegate.m */ = {isa = PBXFileReference; lastKnownFileType = sourcecode.c.objc; path = AppDelegate.m; sourceTree = "<group>"; };
		8A254DF8212D14D6005D4C9B /* ViewController.h */ = {isa = PBXFileReference; lastKnownFileType = sourcecode.c.h; path = ViewController.h; sourceTree = "<group>"; };
		8A254DF9212D14D6005D4C9B /* ViewController.m */ = {isa = PBXFileReference; lastKnownFileType = sourcecode.c.objc; path = ViewController.m; sourceTree = "<group>"; };
		8A254DFC212D14D6005D4C9B /* Base */ = {isa = PBXFileReference; lastKnownFileType = file.storyboard; name = Base; path = Base.lproj/Main.storyboard; sourceTree = "<group>"; };
		8A254DFE212D14D7005D4C9B /* Assets.xcassets */ = {isa = PBXFileReference; lastKnownFileType = folder.assetcatalog; path = Assets.xcassets; sourceTree = "<group>"; };
		8A254E01212D14D7005D4C9B /* Base */ = {isa = PBXFileReference; lastKnownFileType = file.storyboard; name = Base; path = Base.lproj/LaunchScreen.storyboard; sourceTree = "<group>"; };
		8A254E03212D14D7005D4C9B /* Info.plist */ = {isa = PBXFileReference; lastKnownFileType = text.plist.xml; path = Info.plist; sourceTree = "<group>"; };
		8A254E04212D14D7005D4C9B /* main.m */ = {isa = PBXFileReference; lastKnownFileType = sourcecode.c.objc; path = main.m; sourceTree = "<group>"; };
		8A254E10212D2DB9005D4C9B /* BaseData.h */ = {isa = PBXFileReference; lastKnownFileType = sourcecode.c.h; path = BaseData.h; sourceTree = "<group>"; };
		8A254E11212D2E0A005D4C9B /* PrefixHeader.pch */ = {isa = PBXFileReference; lastKnownFileType = sourcecode.c.h; path = PrefixHeader.pch; sourceTree = "<group>"; };
		8A254E13212D2EEF005D4C9B /* PopBaseView.h */ = {isa = PBXFileReference; fileEncoding = 4; lastKnownFileType = sourcecode.c.h; path = PopBaseView.h; sourceTree = "<group>"; };
		8A254E14212D2EEF005D4C9B /* PopBaseView.m */ = {isa = PBXFileReference; fileEncoding = 4; lastKnownFileType = sourcecode.c.objc; path = PopBaseView.m; sourceTree = "<group>"; };
		8A254E15212D2EEF005D4C9B /* YYKeyboardManager.h */ = {isa = PBXFileReference; fileEncoding = 4; lastKnownFileType = sourcecode.c.h; path = YYKeyboardManager.h; sourceTree = "<group>"; };
		8A254E16212D2EEF005D4C9B /* YYKeyboardManager.m */ = {isa = PBXFileReference; fileEncoding = 4; lastKnownFileType = sourcecode.c.objc; path = YYKeyboardManager.m; sourceTree = "<group>"; };
		8A254E1A212D316E005D4C9B /* UIFactory.h */ = {isa = PBXFileReference; fileEncoding = 4; lastKnownFileType = sourcecode.c.h; path = UIFactory.h; sourceTree = "<group>"; };
		8A254E1B212D316E005D4C9B /* UIFactory.m */ = {isa = PBXFileReference; fileEncoding = 4; lastKnownFileType = sourcecode.c.objc; path = UIFactory.m; sourceTree = "<group>"; };
		8A254E1E212D4040005D4C9B /* NSString+Size.h */ = {isa = PBXFileReference; fileEncoding = 4; lastKnownFileType = sourcecode.c.h; path = "NSString+Size.h"; sourceTree = "<group>"; };
		8A254E1F212D4040005D4C9B /* NSString+Size.m */ = {isa = PBXFileReference; fileEncoding = 4; lastKnownFileType = sourcecode.c.objc; path = "NSString+Size.m"; sourceTree = "<group>"; };
		8A254E21212D40BF005D4C9B /* RCSDKHeader.h */ = {isa = PBXFileReference; lastKnownFileType = sourcecode.c.h; path = RCSDKHeader.h; sourceTree = "<group>"; };
		8A254E26212D4D04005D4C9B /* M80AttributedLabel.h */ = {isa = PBXFileReference; fileEncoding = 4; lastKnownFileType = sourcecode.c.h; path = M80AttributedLabel.h; sourceTree = "<group>"; };
		8A254E27212D4D04005D4C9B /* M80AttributedLabel.m */ = {isa = PBXFileReference; fileEncoding = 4; lastKnownFileType = sourcecode.c.objc; path = M80AttributedLabel.m; sourceTree = "<group>"; };
		8A254E28212D4D04005D4C9B /* M80AttributedLabelAttachment.h */ = {isa = PBXFileReference; fileEncoding = 4; lastKnownFileType = sourcecode.c.h; path = M80AttributedLabelAttachment.h; sourceTree = "<group>"; };
		8A254E29212D4D04005D4C9B /* M80AttributedLabelAttachment.m */ = {isa = PBXFileReference; fileEncoding = 4; lastKnownFileType = sourcecode.c.objc; path = M80AttributedLabelAttachment.m; sourceTree = "<group>"; };
		8A254E2A212D4D04005D4C9B /* M80AttributedLabelDefines.h */ = {isa = PBXFileReference; fileEncoding = 4; lastKnownFileType = sourcecode.c.h; path = M80AttributedLabelDefines.h; sourceTree = "<group>"; };
		8A254E2B212D4D04005D4C9B /* M80AttributedLabelURL.h */ = {isa = PBXFileReference; fileEncoding = 4; lastKnownFileType = sourcecode.c.h; path = M80AttributedLabelURL.h; sourceTree = "<group>"; };
		8A254E2C212D4D04005D4C9B /* M80AttributedLabelURL.m */ = {isa = PBXFileReference; fileEncoding = 4; lastKnownFileType = sourcecode.c.objc; path = M80AttributedLabelURL.m; sourceTree = "<group>"; };
		8A254E2D212D4D04005D4C9B /* NSMutableAttributedString+M80.h */ = {isa = PBXFileReference; fileEncoding = 4; lastKnownFileType = sourcecode.c.h; path = "NSMutableAttributedString+M80.h"; sourceTree = "<group>"; };
		8A254E2E212D4D04005D4C9B /* NSMutableAttributedString+M80.m */ = {isa = PBXFileReference; fileEncoding = 4; lastKnownFileType = sourcecode.c.objc; path = "NSMutableAttributedString+M80.m"; sourceTree = "<group>"; };
		8A254E33212D4F96005D4C9B /* WPNormalPopView.h */ = {isa = PBXFileReference; lastKnownFileType = sourcecode.c.h; path = WPNormalPopView.h; sourceTree = "<group>"; };
		8A254E34212D4F96005D4C9B /* WPNormalPopView.m */ = {isa = PBXFileReference; lastKnownFileType = sourcecode.c.objc; path = WPNormalPopView.m; sourceTree = "<group>"; };
		8A254E36212D55F7005D4C9B /* RCPopDemoVC.h */ = {isa = PBXFileReference; lastKnownFileType = sourcecode.c.h; path = RCPopDemoVC.h; sourceTree = "<group>"; };
		8A254E37212D55F7005D4C9B /* RCPopDemoVC.m */ = {isa = PBXFileReference; lastKnownFileType = sourcecode.c.objc; path = RCPopDemoVC.m; sourceTree = "<group>"; };
		8A254E39212D6C93005D4C9B /* KPUpdatePopView.h */ = {isa = PBXFileReference; lastKnownFileType = sourcecode.c.h; path = KPUpdatePopView.h; sourceTree = "<group>"; };
		8A254E3A212D6C93005D4C9B /* KPUpdatePopView.m */ = {isa = PBXFileReference; lastKnownFileType = sourcecode.c.objc; path = KPUpdatePopView.m; sourceTree = "<group>"; };
		8A660A60212E50D800389983 /* GeneralCore.h */ = {isa = PBXFileReference; lastKnownFileType = sourcecode.c.h; path = GeneralCore.h; sourceTree = "<group>"; };
		8A660A61212E50D800389983 /* GeneralCore.m */ = {isa = PBXFileReference; lastKnownFileType = sourcecode.c.objc; path = GeneralCore.m; sourceTree = "<group>"; };
		8A81174A2136404B00FC03E0 /* KPAddProFinishPopView.h */ = {isa = PBXFileReference; fileEncoding = 4; lastKnownFileType = sourcecode.c.h; path = KPAddProFinishPopView.h; sourceTree = "<group>"; };
		8A81174B2136404C00FC03E0 /* KPAddProFinishPopView.m */ = {isa = PBXFileReference; fileEncoding = 4; lastKnownFileType = sourcecode.c.objc; path = KPAddProFinishPopView.m; sourceTree = "<group>"; };
		8A81174E213641DE00FC03E0 /* UpImgDownTextBtn.m */ = {isa = PBXFileReference; fileEncoding = 4; lastKnownFileType = sourcecode.c.objc; path = UpImgDownTextBtn.m; sourceTree = "<group>"; };
		8A81174F213641DE00FC03E0 /* UpImgDownTextBtn.h */ = {isa = PBXFileReference; fileEncoding = 4; lastKnownFileType = sourcecode.c.h; path = UpImgDownTextBtn.h; sourceTree = "<group>"; };
		8A8117512136436D00FC03E0 /* KPBandingUnitPopView.h */ = {isa = PBXFileReference; fileEncoding = 4; lastKnownFileType = sourcecode.c.h; path = KPBandingUnitPopView.h; sourceTree = "<group>"; };
		8A8117522136436D00FC03E0 /* KPBandingUnitPopView.m */ = {isa = PBXFileReference; fileEncoding = 4; lastKnownFileType = sourcecode.c.objc; path = KPBandingUnitPopView.m; sourceTree = "<group>"; };
		8A8117542136489900FC03E0 /* KPDepartSelectPopView.h */ = {isa = PBXFileReference; fileEncoding = 4; lastKnownFileType = sourcecode.c.h; path = KPDepartSelectPopView.h; sourceTree = "<group>"; };
		8A8117552136489900FC03E0 /* KPDepartSelectPopView.m */ = {isa = PBXFileReference; fileEncoding = 4; lastKnownFileType = sourcecode.c.objc; path = KPDepartSelectPopView.m; sourceTree = "<group>"; };
		8A81175821364BC300FC03E0 /* DownSelectView.h */ = {isa = PBXFileReference; fileEncoding = 4; lastKnownFileType = sourcecode.c.h; path = DownSelectView.h; sourceTree = "<group>"; };
		8A81175921364BC300FC03E0 /* DownSelectView.m */ = {isa = PBXFileReference; fileEncoding = 4; lastKnownFileType = sourcecode.c.objc; path = DownSelectView.m; sourceTree = "<group>"; };
		8A81175C21364F2400FC03E0 /* KPDepartment.h */ = {isa = PBXFileReference; lastKnownFileType = sourcecode.c.h; path = KPDepartment.h; sourceTree = "<group>"; };
		8A81175D21364F2400FC03E0 /* KPDepartment.m */ = {isa = PBXFileReference; lastKnownFileType = sourcecode.c.objc; path = KPDepartment.m; sourceTree = "<group>"; };
		8A84F8652130EDF60052C962 /* LittleImageBigControl.h */ = {isa = PBXFileReference; fileEncoding = 4; lastKnownFileType = sourcecode.c.h; path = LittleImageBigControl.h; sourceTree = "<group>"; };
		8A84F8662130EDF60052C962 /* LittleImageBigControl.m */ = {isa = PBXFileReference; fileEncoding = 4; lastKnownFileType = sourcecode.c.objc; path = LittleImageBigControl.m; sourceTree = "<group>"; };
		8A84F8732130F07B0052C962 /* KPEditTextPopView.m */ = {isa = PBXFileReference; fileEncoding = 4; lastKnownFileType = sourcecode.c.objc; path = KPEditTextPopView.m; sourceTree = "<group>"; };
		8A84F8742130F07B0052C962 /* KPEditTextPopView.h */ = {isa = PBXFileReference; fileEncoding = 4; lastKnownFileType = sourcecode.c.h; path = KPEditTextPopView.h; sourceTree = "<group>"; };
		8A84F8772130F4540052C962 /* KPTextField.h */ = {isa = PBXFileReference; fileEncoding = 4; lastKnownFileType = sourcecode.c.h; path = KPTextField.h; sourceTree = "<group>"; };
		8A84F8782130F4540052C962 /* KPTextField.m */ = {isa = PBXFileReference; fileEncoding = 4; lastKnownFileType = sourcecode.c.objc; path = KPTextField.m; sourceTree = "<group>"; };
		8A8CCC812131494F00E7F359 /* KPRedAlertPopView.h */ = {isa = PBXFileReference; lastKnownFileType = sourcecode.c.h; path = KPRedAlertPopView.h; sourceTree = "<group>"; };
		8A8CCC822131494F00E7F359 /* KPRedAlertPopView.m */ = {isa = PBXFileReference; lastKnownFileType = sourcecode.c.objc; path = KPRedAlertPopView.m; sourceTree = "<group>"; };
		8A8CCC852131599700E7F359 /* InputSecurityView.h */ = {isa = PBXFileReference; fileEncoding = 4; lastKnownFileType = sourcecode.c.h; path = InputSecurityView.h; sourceTree = "<group>"; };
		8A8CCC862131599700E7F359 /* InputSecurityView.m */ = {isa = PBXFileReference; fileEncoding = 4; lastKnownFileType = sourcecode.c.objc; path = InputSecurityView.m; sourceTree = "<group>"; };
		8A8CCC872131599700E7F359 /* PasswordInputView.h */ = {isa = PBXFileReference; fileEncoding = 4; lastKnownFileType = sourcecode.c.h; path = PasswordInputView.h; sourceTree = "<group>"; };
		8A8CCC882131599700E7F359 /* PasswordInputView.m */ = {isa = PBXFileReference; fileEncoding = 4; lastKnownFileType = sourcecode.c.objc; path = PasswordInputView.m; sourceTree = "<group>"; };
/* End PBXFileReference section */

/* Begin PBXFrameworksBuildPhase section */
		8A254DEF212D14D6005D4C9B /* Frameworks */ = {
			isa = PBXFrameworksBuildPhase;
			buildActionMask = 2147483647;
			files = (
			);
			runOnlyForDeploymentPostprocessing = 0;
		};
/* End PBXFrameworksBuildPhase section */

/* Begin PBXGroup section */
		8A254DE9212D14D6005D4C9B = {
			isa = PBXGroup;
			children = (
				8A254DF4212D14D6005D4C9B /* RCIOS-SDK */,
				8A254DF3212D14D6005D4C9B /* Products */,
			);
			sourceTree = "<group>";
		};
		8A254DF3212D14D6005D4C9B /* Products */ = {
			isa = PBXGroup;
			children = (
				8A254DF2212D14D6005D4C9B /* RCIOS-SDK.app */,
			);
			name = Products;
			sourceTree = "<group>";
		};
		8A254DF4212D14D6005D4C9B /* RCIOS-SDK */ = {
			isa = PBXGroup;
			children = (
				8A254E0B212D1706005D4C9B /* SDK */,
				8A254DF5212D14D6005D4C9B /* AppDelegate.h */,
				8A254DF6212D14D6005D4C9B /* AppDelegate.m */,
				8A254DF8212D14D6005D4C9B /* ViewController.h */,
				8A254DF9212D14D6005D4C9B /* ViewController.m */,
				8A254E36212D55F7005D4C9B /* RCPopDemoVC.h */,
				8A254E37212D55F7005D4C9B /* RCPopDemoVC.m */,
				8A254E10212D2DB9005D4C9B /* BaseData.h */,
				8A254E21212D40BF005D4C9B /* RCSDKHeader.h */,
				8A254E11212D2E0A005D4C9B /* PrefixHeader.pch */,
				8A254DFB212D14D6005D4C9B /* Main.storyboard */,
				8A254DFE212D14D7005D4C9B /* Assets.xcassets */,
				8A254E00212D14D7005D4C9B /* LaunchScreen.storyboard */,
				8A254E03212D14D7005D4C9B /* Info.plist */,
				8A254E04212D14D7005D4C9B /* main.m */,
			);
			path = "RCIOS-SDK";
			sourceTree = "<group>";
		};
		8A254E0B212D1706005D4C9B /* SDK */ = {
			isa = PBXGroup;
			children = (
				8A81175B21364EC000FC03E0 /* TempModel */,
				8A84F8632130EDF60052C962 /* Widget */,
				8A660A5F212E50C200389983 /* GeneralCore */,
				8A254E1D212D4040005D4C9B /* KitCategry */,
				8A254E19212D316E005D4C9B /* UIFactory */,
				8A254E0C212D1719005D4C9B /* PopView */,
			);
			path = SDK;
			sourceTree = "<group>";
		};
		8A254E0C212D1719005D4C9B /* PopView */ = {
			isa = PBXGroup;
			children = (
				8A254E12212D2EEF005D4C9B /* PopBaseView */,
			);
			path = PopView;
			sourceTree = "<group>";
		};
		8A254E12212D2EEF005D4C9B /* PopBaseView */ = {
			isa = PBXGroup;
			children = (
				8A254E15212D2EEF005D4C9B /* YYKeyboardManager.h */,
				8A254E16212D2EEF005D4C9B /* YYKeyboardManager.m */,
				8A254E13212D2EEF005D4C9B /* PopBaseView.h */,
				8A254E14212D2EEF005D4C9B /* PopBaseView.m */,
				8A254E33212D4F96005D4C9B /* WPNormalPopView.h */,
				8A254E34212D4F96005D4C9B /* WPNormalPopView.m */,
				8A254E39212D6C93005D4C9B /* KPUpdatePopView.h */,
				8A254E3A212D6C93005D4C9B /* KPUpdatePopView.m */,
				8A84F8742130F07B0052C962 /* KPEditTextPopView.h */,
				8A84F8732130F07B0052C962 /* KPEditTextPopView.m */,
				8A8CCC812131494F00E7F359 /* KPRedAlertPopView.h */,
				8A8CCC822131494F00E7F359 /* KPRedAlertPopView.m */,
				8A81174A2136404B00FC03E0 /* KPAddProFinishPopView.h */,
				8A81174B2136404C00FC03E0 /* KPAddProFinishPopView.m */,
				8A8117512136436D00FC03E0 /* KPBandingUnitPopView.h */,
				8A8117522136436D00FC03E0 /* KPBandingUnitPopView.m */,
				8A8117542136489900FC03E0 /* KPDepartSelectPopView.h */,
				8A8117552136489900FC03E0 /* KPDepartSelectPopView.m */,
			);
			path = PopBaseView;
			sourceTree = "<group>";
		};
		8A254E19212D316E005D4C9B /* UIFactory */ = {
			isa = PBXGroup;
			children = (
				8A254E25212D4D04005D4C9B /* M80AttributedLabel */,
				8A254E1A212D316E005D4C9B /* UIFactory.h */,
				8A254E1B212D316E005D4C9B /* UIFactory.m */,
			);
			path = UIFactory;
			sourceTree = "<group>";
		};
		8A254E1D212D4040005D4C9B /* KitCategry */ = {
			isa = PBXGroup;
			children = (
				8A254E1E212D4040005D4C9B /* NSString+Size.h */,
				8A254E1F212D4040005D4C9B /* NSString+Size.m */,
			);
			path = KitCategry;
			sourceTree = "<group>";
		};
		8A254E25212D4D04005D4C9B /* M80AttributedLabel */ = {
			isa = PBXGroup;
			children = (
				8A254E26212D4D04005D4C9B /* M80AttributedLabel.h */,
				8A254E27212D4D04005D4C9B /* M80AttributedLabel.m */,
				8A254E28212D4D04005D4C9B /* M80AttributedLabelAttachment.h */,
				8A254E29212D4D04005D4C9B /* M80AttributedLabelAttachment.m */,
				8A254E2A212D4D04005D4C9B /* M80AttributedLabelDefines.h */,
				8A254E2B212D4D04005D4C9B /* M80AttributedLabelURL.h */,
				8A254E2C212D4D04005D4C9B /* M80AttributedLabelURL.m */,
				8A254E2D212D4D04005D4C9B /* NSMutableAttributedString+M80.h */,
				8A254E2E212D4D04005D4C9B /* NSMutableAttributedString+M80.m */,
			);
			path = M80AttributedLabel;
			sourceTree = "<group>";
		};
		8A660A5F212E50C200389983 /* GeneralCore */ = {
			isa = PBXGroup;
			children = (
				8A660A60212E50D800389983 /* GeneralCore.h */,
				8A660A61212E50D800389983 /* GeneralCore.m */,
			);
			path = GeneralCore;
			sourceTree = "<group>";
		};
		8A81174D213641D500FC03E0 /* UpImgDownTextBtn */ = {
			isa = PBXGroup;
			children = (
				8A81174F213641DE00FC03E0 /* UpImgDownTextBtn.h */,
				8A81174E213641DE00FC03E0 /* UpImgDownTextBtn.m */,
			);
			path = UpImgDownTextBtn;
			sourceTree = "<group>";
		};
		8A81175721364BC300FC03E0 /* DownSelectView */ = {
			isa = PBXGroup;
			children = (
				8A81175821364BC300FC03E0 /* DownSelectView.h */,
				8A81175921364BC300FC03E0 /* DownSelectView.m */,
			);
			path = DownSelectView;
			sourceTree = "<group>";
		};
		8A81175B21364EC000FC03E0 /* TempModel */ = {
			isa = PBXGroup;
			children = (
				8A81175C21364F2400FC03E0 /* KPDepartment.h */,
				8A81175D21364F2400FC03E0 /* KPDepartment.m */,
			);
			path = TempModel;
			sourceTree = "<group>";
		};
		8A84F8632130EDF60052C962 /* Widget */ = {
			isa = PBXGroup;
			children = (
				8A81175721364BC300FC03E0 /* DownSelectView */,
				8A81174D213641D500FC03E0 /* UpImgDownTextBtn */,
				8A8CCC842131599700E7F359 /* PasswordInput */,
				8A84F8762130F44B0052C962 /* KPTextField */,
				8A84F8642130EDF60052C962 /* LittleImageBigControl */,
			);
			path = Widget;
			sourceTree = "<group>";
		};
		8A84F8642130EDF60052C962 /* LittleImageBigControl */ = {
			isa = PBXGroup;
			children = (
				8A84F8652130EDF60052C962 /* LittleImageBigControl.h */,
				8A84F8662130EDF60052C962 /* LittleImageBigControl.m */,
			);
			path = LittleImageBigControl;
			sourceTree = "<group>";
		};
		8A84F8762130F44B0052C962 /* KPTextField */ = {
			isa = PBXGroup;
			children = (
				8A84F8772130F4540052C962 /* KPTextField.h */,
				8A84F8782130F4540052C962 /* KPTextField.m */,
			);
			path = KPTextField;
			sourceTree = "<group>";
		};
		8A8CCC842131599700E7F359 /* PasswordInput */ = {
			isa = PBXGroup;
			children = (
				8A8CCC852131599700E7F359 /* InputSecurityView.h */,
				8A8CCC862131599700E7F359 /* InputSecurityView.m */,
				8A8CCC872131599700E7F359 /* PasswordInputView.h */,
				8A8CCC882131599700E7F359 /* PasswordInputView.m */,
			);
			path = PasswordInput;
			sourceTree = "<group>";
		};
/* End PBXGroup section */

/* Begin PBXNativeTarget section */
		8A254DF1212D14D6005D4C9B /* RCIOS-SDK */ = {
			isa = PBXNativeTarget;
			buildConfigurationList = 8A254E08212D14D7005D4C9B /* Build configuration list for PBXNativeTarget "RCIOS-SDK" */;
			buildPhases = (
				8A254DEE212D14D6005D4C9B /* Sources */,
				8A254DEF212D14D6005D4C9B /* Frameworks */,
				8A254DF0212D14D6005D4C9B /* Resources */,
			);
			buildRules = (
			);
			dependencies = (
			);
			name = "RCIOS-SDK";
			productName = "RCIOS-SDK";
			productReference = 8A254DF2212D14D6005D4C9B /* RCIOS-SDK.app */;
			productType = "com.apple.product-type.application";
		};
/* End PBXNativeTarget section */

/* Begin PBXProject section */
		8A254DEA212D14D6005D4C9B /* Project object */ = {
			isa = PBXProject;
			attributes = {
				LastUpgradeCheck = 0940;
				ORGANIZATIONNAME = RC;
				TargetAttributes = {
					8A254DF1212D14D6005D4C9B = {
						CreatedOnToolsVersion = 9.4.1;
					};
				};
			};
			buildConfigurationList = 8A254DED212D14D6005D4C9B /* Build configuration list for PBXProject "RCIOS-SDK" */;
			compatibilityVersion = "Xcode 9.3";
			developmentRegion = en;
			hasScannedForEncodings = 0;
			knownRegions = (
				en,
				Base,
			);
			mainGroup = 8A254DE9212D14D6005D4C9B;
			productRefGroup = 8A254DF3212D14D6005D4C9B /* Products */;
			projectDirPath = "";
			projectRoot = "";
			targets = (
				8A254DF1212D14D6005D4C9B /* RCIOS-SDK */,
			);
		};
/* End PBXProject section */

/* Begin PBXResourcesBuildPhase section */
		8A254DF0212D14D6005D4C9B /* Resources */ = {
			isa = PBXResourcesBuildPhase;
			buildActionMask = 2147483647;
			files = (
				8A254E02212D14D7005D4C9B /* LaunchScreen.storyboard in Resources */,
				8A254DFF212D14D7005D4C9B /* Assets.xcassets in Resources */,
				8A254DFD212D14D6005D4C9B /* Main.storyboard in Resources */,
			);
			runOnlyForDeploymentPostprocessing = 0;
		};
/* End PBXResourcesBuildPhase section */

/* Begin PBXSourcesBuildPhase section */
		8A254DEE212D14D6005D4C9B /* Sources */ = {
			isa = PBXSourcesBuildPhase;
			buildActionMask = 2147483647;
			files = (
				8A679FFB21339822005D45C7 /* KPRedAlertPopView.m in Sources */,
				8A84F8792130F4540052C962 /* KPTextField.m in Sources */,
				8A8CCC892131599800E7F359 /* InputSecurityView.m in Sources */,
				8A84F8672130EDF60052C962 /* LittleImageBigControl.m in Sources */,
				8A254DFA212D14D6005D4C9B /* ViewController.m in Sources */,
				8A8117562136489A00FC03E0 /* KPDepartSelectPopView.m in Sources */,
				8A254E35212D4F96005D4C9B /* WPNormalPopView.m in Sources */,
				8A254E31212D4D04005D4C9B /* M80AttributedLabelURL.m in Sources */,
				8A254E18212D2EEF005D4C9B /* YYKeyboardManager.m in Sources */,
				8A254E17212D2EEF005D4C9B /* PopBaseView.m in Sources */,
				8A8117532136436D00FC03E0 /* KPBandingUnitPopView.m in Sources */,
				8A254E05212D14D7005D4C9B /* main.m in Sources */,
				8A81175A21364BC300FC03E0 /* DownSelectView.m in Sources */,
				8A81175E21364F2400FC03E0 /* KPDepartment.m in Sources */,
				8A254E20212D4040005D4C9B /* NSString+Size.m in Sources */,
				8A254E1C212D316E005D4C9B /* UIFactory.m in Sources */,
				8A254E32212D4D04005D4C9B /* NSMutableAttributedString+M80.m in Sources */,
				8A811750213641DF00FC03E0 /* UpImgDownTextBtn.m in Sources */,
				8A254E30212D4D04005D4C9B /* M80AttributedLabelAttachment.m in Sources */,
				8A81174C2136404D00FC03E0 /* KPAddProFinishPopView.m in Sources */,
				8A254E38212D55F7005D4C9B /* RCPopDemoVC.m in Sources */,
				8A8CCC8A2131599800E7F359 /* PasswordInputView.m in Sources */,
				8A84F8752130F07B0052C962 /* KPEditTextPopView.m in Sources */,
				8A254DF7212D14D6005D4C9B /* AppDelegate.m in Sources */,
				8A660A62212E50D800389983 /* GeneralCore.m in Sources */,
				8A254E3B212D6C93005D4C9B /* KPUpdatePopView.m in Sources */,
				8A254E2F212D4D04005D4C9B /* M80AttributedLabel.m in Sources */,
			);
			runOnlyForDeploymentPostprocessing = 0;
		};
/* End PBXSourcesBuildPhase section */

/* Begin PBXVariantGroup section */
		8A254DFB212D14D6005D4C9B /* Main.storyboard */ = {
			isa = PBXVariantGroup;
			children = (
				8A254DFC212D14D6005D4C9B /* Base */,
			);
			name = Main.storyboard;
			sourceTree = "<group>";
		};
		8A254E00212D14D7005D4C9B /* LaunchScreen.storyboard */ = {
			isa = PBXVariantGroup;
			children = (
				8A254E01212D14D7005D4C9B /* Base */,
			);
			name = LaunchScreen.storyboard;
			sourceTree = "<group>";
		};
/* End PBXVariantGroup section */

/* Begin XCBuildConfiguration section */
		8A254E06212D14D7005D4C9B /* Debug */ = {
			isa = XCBuildConfiguration;
			buildSettings = {
				ALWAYS_SEARCH_USER_PATHS = NO;
				CLANG_ANALYZER_NONNULL = YES;
				CLANG_ANALYZER_NUMBER_OBJECT_CONVERSION = YES_AGGRESSIVE;
				CLANG_CXX_LANGUAGE_STANDARD = "gnu++14";
				CLANG_CXX_LIBRARY = "libc++";
				CLANG_ENABLE_MODULES = YES;
				CLANG_ENABLE_OBJC_ARC = YES;
				CLANG_ENABLE_OBJC_WEAK = YES;
				CLANG_WARN_BLOCK_CAPTURE_AUTORELEASING = YES;
				CLANG_WARN_BOOL_CONVERSION = YES;
				CLANG_WARN_COMMA = YES;
				CLANG_WARN_CONSTANT_CONVERSION = YES;
				CLANG_WARN_DEPRECATED_OBJC_IMPLEMENTATIONS = YES;
				CLANG_WARN_DIRECT_OBJC_ISA_USAGE = YES_ERROR;
				CLANG_WARN_DOCUMENTATION_COMMENTS = YES;
				CLANG_WARN_EMPTY_BODY = YES;
				CLANG_WARN_ENUM_CONVERSION = YES;
				CLANG_WARN_INFINITE_RECURSION = YES;
				CLANG_WARN_INT_CONVERSION = YES;
				CLANG_WARN_NON_LITERAL_NULL_CONVERSION = YES;
				CLANG_WARN_OBJC_IMPLICIT_RETAIN_SELF = YES;
				CLANG_WARN_OBJC_LITERAL_CONVERSION = YES;
				CLANG_WARN_OBJC_ROOT_CLASS = YES_ERROR;
				CLANG_WARN_RANGE_LOOP_ANALYSIS = YES;
				CLANG_WARN_STRICT_PROTOTYPES = YES;
				CLANG_WARN_SUSPICIOUS_MOVE = YES;
				CLANG_WARN_UNGUARDED_AVAILABILITY = YES_AGGRESSIVE;
				CLANG_WARN_UNREACHABLE_CODE = YES;
				CLANG_WARN__DUPLICATE_METHOD_MATCH = YES;
				CODE_SIGN_IDENTITY = "iPhone Developer";
				COPY_PHASE_STRIP = NO;
				DEBUG_INFORMATION_FORMAT = dwarf;
				ENABLE_STRICT_OBJC_MSGSEND = YES;
				ENABLE_TESTABILITY = YES;
				GCC_C_LANGUAGE_STANDARD = gnu11;
				GCC_DYNAMIC_NO_PIC = NO;
				GCC_NO_COMMON_BLOCKS = YES;
				GCC_OPTIMIZATION_LEVEL = 0;
				GCC_PREPROCESSOR_DEFINITIONS = (
					"DEBUG=1",
					"$(inherited)",
				);
				GCC_WARN_64_TO_32_BIT_CONVERSION = YES;
				GCC_WARN_ABOUT_RETURN_TYPE = YES_ERROR;
				GCC_WARN_UNDECLARED_SELECTOR = YES;
				GCC_WARN_UNINITIALIZED_AUTOS = YES_AGGRESSIVE;
				GCC_WARN_UNUSED_FUNCTION = YES;
				GCC_WARN_UNUSED_VARIABLE = YES;
				IPHONEOS_DEPLOYMENT_TARGET = 11.4;
				MTL_ENABLE_DEBUG_INFO = YES;
				ONLY_ACTIVE_ARCH = YES;
				SDKROOT = iphoneos;
			};
			name = Debug;
		};
		8A254E07212D14D7005D4C9B /* Release */ = {
			isa = XCBuildConfiguration;
			buildSettings = {
				ALWAYS_SEARCH_USER_PATHS = NO;
				CLANG_ANALYZER_NONNULL = YES;
				CLANG_ANALYZER_NUMBER_OBJECT_CONVERSION = YES_AGGRESSIVE;
				CLANG_CXX_LANGUAGE_STANDARD = "gnu++14";
				CLANG_CXX_LIBRARY = "libc++";
				CLANG_ENABLE_MODULES = YES;
				CLANG_ENABLE_OBJC_ARC = YES;
				CLANG_ENABLE_OBJC_WEAK = YES;
				CLANG_WARN_BLOCK_CAPTURE_AUTORELEASING = YES;
				CLANG_WARN_BOOL_CONVERSION = YES;
				CLANG_WARN_COMMA = YES;
				CLANG_WARN_CONSTANT_CONVERSION = YES;
				CLANG_WARN_DEPRECATED_OBJC_IMPLEMENTATIONS = YES;
				CLANG_WARN_DIRECT_OBJC_ISA_USAGE = YES_ERROR;
				CLANG_WARN_DOCUMENTATION_COMMENTS = YES;
				CLANG_WARN_EMPTY_BODY = YES;
				CLANG_WARN_ENUM_CONVERSION = YES;
				CLANG_WARN_INFINITE_RECURSION = YES;
				CLANG_WARN_INT_CONVERSION = YES;
				CLANG_WARN_NON_LITERAL_NULL_CONVERSION = YES;
				CLANG_WARN_OBJC_IMPLICIT_RETAIN_SELF = YES;
				CLANG_WARN_OBJC_LITERAL_CONVERSION = YES;
				CLANG_WARN_OBJC_ROOT_CLASS = YES_ERROR;
				CLANG_WARN_RANGE_LOOP_ANALYSIS = YES;
				CLANG_WARN_STRICT_PROTOTYPES = YES;
				CLANG_WARN_SUSPICIOUS_MOVE = YES;
				CLANG_WARN_UNGUARDED_AVAILABILITY = YES_AGGRESSIVE;
				CLANG_WARN_UNREACHABLE_CODE = YES;
				CLANG_WARN__DUPLICATE_METHOD_MATCH = YES;
				CODE_SIGN_IDENTITY = "iPhone Developer";
				COPY_PHASE_STRIP = NO;
				DEBUG_INFORMATION_FORMAT = "dwarf-with-dsym";
				ENABLE_NS_ASSERTIONS = NO;
				ENABLE_STRICT_OBJC_MSGSEND = YES;
				GCC_C_LANGUAGE_STANDARD = gnu11;
				GCC_NO_COMMON_BLOCKS = YES;
				GCC_WARN_64_TO_32_BIT_CONVERSION = YES;
				GCC_WARN_ABOUT_RETURN_TYPE = YES_ERROR;
				GCC_WARN_UNDECLARED_SELECTOR = YES;
				GCC_WARN_UNINITIALIZED_AUTOS = YES_AGGRESSIVE;
				GCC_WARN_UNUSED_FUNCTION = YES;
				GCC_WARN_UNUSED_VARIABLE = YES;
				IPHONEOS_DEPLOYMENT_TARGET = 11.4;
				MTL_ENABLE_DEBUG_INFO = NO;
				SDKROOT = iphoneos;
				VALIDATE_PRODUCT = YES;
			};
			name = Release;
		};
		8A254E09212D14D7005D4C9B /* Debug */ = {
			isa = XCBuildConfiguration;
			buildSettings = {
				ASSETCATALOG_COMPILER_APPICON_NAME = AppIcon;
				CODE_SIGN_STYLE = Automatic;
				DEVELOPMENT_TEAM = MC6BK75TK6;
				GCC_PREFIX_HEADER = "RCIOS-SDK/PrefixHeader.pch";
				INFOPLIST_FILE = "RCIOS-SDK/Info.plist";
				IPHONEOS_DEPLOYMENT_TARGET = 10.0;
				LD_RUNPATH_SEARCH_PATHS = (
					"$(inherited)",
					"@executable_path/Frameworks",
				);
				PRODUCT_BUNDLE_IDENTIFIER = "RC.RCIOS-SDK";
				PRODUCT_NAME = "$(TARGET_NAME)";
				TARGETED_DEVICE_FAMILY = "1,2";
			};
			name = Debug;
		};
		8A254E0A212D14D7005D4C9B /* Release */ = {
			isa = XCBuildConfiguration;
			buildSettings = {
				ASSETCATALOG_COMPILER_APPICON_NAME = AppIcon;
				CODE_SIGN_STYLE = Automatic;
				DEVELOPMENT_TEAM = MC6BK75TK6;
				GCC_PREFIX_HEADER = "RCIOS-SDK/PrefixHeader.pch";
				INFOPLIST_FILE = "RCIOS-SDK/Info.plist";
				IPHONEOS_DEPLOYMENT_TARGET = 10.0;
				LD_RUNPATH_SEARCH_PATHS = (
					"$(inherited)",
					"@executable_path/Frameworks",
				);
				PRODUCT_BUNDLE_IDENTIFIER = "RC.RCIOS-SDK";
				PRODUCT_NAME = "$(TARGET_NAME)";
				TARGETED_DEVICE_FAMILY = "1,2";
			};
			name = Release;
		};
/* End XCBuildConfiguration section */

/* Begin XCConfigurationList section */
		8A254DED212D14D6005D4C9B /* Build configuration list for PBXProject "RCIOS-SDK" */ = {
			isa = XCConfigurationList;
			buildConfigurations = (
				8A254E06212D14D7005D4C9B /* Debug */,
				8A254E07212D14D7005D4C9B /* Release */,
			);
			defaultConfigurationIsVisible = 0;
			defaultConfigurationName = Release;
		};
		8A254E08212D14D7005D4C9B /* Build configuration list for PBXNativeTarget "RCIOS-SDK" */ = {
			isa = XCConfigurationList;
			buildConfigurations = (
				8A254E09212D14D7005D4C9B /* Debug */,
				8A254E0A212D14D7005D4C9B /* Release */,
			);
			defaultConfigurationIsVisible = 0;
			defaultConfigurationName = Release;
		};
/* End XCConfigurationList section */
	};
	rootObject = 8A254DEA212D14D6005D4C9B /* Project object */;
}
